{
  "requires": true,
  "lockfileVersion": 1,
  "dependencies": {
    "create-next-app": {
      "version": "10.0.8",
      "resolved": "https://registry.npmjs.org/create-next-app/-/create-next-app-10.0.8.tgz",
      "integrity": "sha512-0bzfcyiKYoc03lc9J3A52k+ETSobhNc4JmRsyXJwmZvJMb/i0Y26DW3SGX9DEa3TW5xLjH2zGk0svmNhYIsh8Q=="
    }
  }
}
